// !$*UTF8*$!
{
	archiveVersion = 1;
	classes = {
	};
	objectVersion = 46;
	objects = {

/* Begin PBXBuildFile section */
		288E076B1EB9659C0065CA39 /* main.m in Sources */ = {isa = PBXBuildFile; fileRef = 288E076A1EB9659C0065CA39 /* main.m */; };
		288E076E1EB9659C0065CA39 /* AppDelegate.m in Sources */ = {isa = PBXBuildFile; fileRef = 288E076D1EB9659C0065CA39 /* AppDelegate.m */; };
		288E07711EB9659C0065CA39 /* ViewController.m in Sources */ = {isa = PBXBuildFile; fileRef = 288E07701EB9659C0065CA39 /* ViewController.m */; };
		288E07741EB9659C0065CA39 /* Main.storyboard in Resources */ = {isa = PBXBuildFile; fileRef = 288E07721EB9659C0065CA39 /* Main.storyboard */; };
		288E07761EB9659C0065CA39 /* Assets.xcassets in Resources */ = {isa = PBXBuildFile; fileRef = 288E07751EB9659C0065CA39 /* Assets.xcassets */; };
		288E07791EB9659C0065CA39 /* LaunchScreen.storyboard in Resources */ = {isa = PBXBuildFile; fileRef = 288E07771EB9659C0065CA39 /* LaunchScreen.storyboard */; };
/* End PBXBuildFile section */

/* Begin PBXFileReference section */
		288E07661EB9659C0065CA39 /* LLDiscountCoupon.app */ = {isa = PBXFileReference; explicitFileType = wrapper.application; includeInIndex = 0; path = LLDiscountCoupon.app; sourceTree = BUILT_PRODUCTS_DIR; };
		288E076A1EB9659C0065CA39 /* main.m */ = {isa = PBXFileReference; lastKnownFileType = sourcecode.c.objc; path = main.m; sourceTree = "<group>"; };
		288E076C1EB9659C0065CA39 /* AppDelegate.h */ = {isa = PBXFileReference; lastKnownFileType = sourcecode.c.h; path = AppDelegate.h; sourceTree = "<group>"; };
		288E076D1EB9659C0065CA39 /* AppDelegate.m */ = {isa = PBXFileReference; lastKnownFileType = sourcecode.c.objc; path = AppDelegate.m; sourceTree = "<group>"; };
		288E076F1EB9659C0065CA39 /* ViewController.h */ = {isa = PBXFileReference; lastKnownFileType = sourcecode.c.h; path = ViewController.h; sourceTree = "<group>"; };
		288E07701EB9659C0065CA39 /* ViewController.m */ = {isa = PBXFileReference; lastKnownFileType = sourcecode.c.objc; path = ViewController.m; sourceTree = "<group>"; };
		288E07731EB9659C0065CA39 /* Base */ = {isa = PBXFileReference; lastKnownFileType = file.storyboard; name = Base; path = Base.lproj/Main.storyboard; sourceTree = "<group>"; };
		288E07751EB9659C0065CA39 /* Assets.xcassets */ = {isa = PBXFileReference; lastKnownFileType = folder.assetcatalog; path = Assets.xcassets; sourceTree = "<group>"; };
		288E07781EB9659C0065CA39 /* Base */ = {isa = PBXFileReference; lastKnownFileType = file.storyboard; name = Base; path = Base.lproj/LaunchScreen.storyboard; sourceTree = "<group>"; };
		288E077A1EB9659C0065CA39 /* Info.plist */ = {isa = PBXFileReference; lastKnownFileType = text.plist.xml; path = Info.plist; sourceTree = "<group>"; };
/* End PBXFileReference section */

/* Begin PBXFrameworksBuildPhase section */
		288E07631EB9659C0065CA39 /* Frameworks */ = {
			isa = PBXFrameworksBuildPhase;
			buildActionMask = 2147483647;
			files = (
			);
			runOnlyForDeploymentPostprocessing = 0;
		};
/* End PBXFrameworksBuildPhase section */

/* Begin PBXGroup section */
		288E075D1EB9659C0065CA39 = {
			isa = PBXGroup;
			children = (
				288E07681EB9659C0065CA39 /* LLDiscountCoupon */,
				288E07671EB9659C0065CA39 /* Products */,
			);
			sourceTree = "<group>";
		};
		288E07671EB9659C0065CA39 /* Products */ = {
			isa = PBXGroup;
			children = (
				288E07661EB9659C0065CA39 /* LLDiscountCoupon.app */,
			);
			name = Products;
			sourceTree = "<group>";
		};
		288E07681EB9659C0065CA39 /* LLDiscountCoupon */ = {
			isa = PBXGroup;
			children = (
				288E076C1EB9659C0065CA39 /* AppDelegate.h */,
				288E076D1EB9659C0065CA39 /* AppDelegate.m */,
				288E076F1EB9659C0065CA39 /* ViewController.h */,
				288E07701EB9659C0065CA39 /* ViewController.m */,
				288E07721EB9659C0065CA39 /* Main.storyboard */,
				288E07751EB9659C0065CA39 /* Assets.xcassets */,
				288E07771EB9659C0065CA39 /* LaunchScreen.storyboard */,
				288E077A1EB9659C0065CA39 /* Info.plist */,
				288E07691EB9659C0065CA39 /* Supporting Files */,
			);
			path = LLDiscountCoupon;
			sourceTree = "<group>";
		};
		288E07691EB9659C0065CA39 /* Supporting Files */ = {
			isa = PBXGroup;
			children = (
				288E076A1EB9659C0065CA39 /* main.m */,
			);
			name = "Supporting Files";
			sourceTree = "<group>";
		};
/* End PBXGroup section */

/* Begin PBXNativeTarget section */
		288E07651EB9659C0065CA39 /* LLDiscountCoupon */ = {
			isa = PBXNativeTarget;
			buildConfigurationList = 288E077D1EB9659C0065CA39 /* Build configuration list for PBXNativeTarget "LLDiscountCoupon" */;
			buildPhases = (
				288E07621EB9659C0065CA39 /* Sources */,
				288E07631EB9659C0065CA39 /* Frameworks */,
				288E07641EB9659C0065CA39 /* Resources */,
			);
			buildRules = (
			);
			dependencies = (
			);
			name = LLDiscountCoupon;
			productName = LLDiscountCoupon;
			productReference = 288E07661EB9659C0065CA39 /* LLDiscountCoupon.app */;
			productType = "com.apple.product-type.application";
		};
/* End PBXNativeTarget section */

/* Begin PBXProject section */
		288E075E1EB9659C0065CA39 /* Project object */ = {
			isa = PBXProject;
			attributes = {
				LastUpgradeCheck = 0820;
				ORGANIZATIONNAME = "青岛市北区";
				TargetAttributes = {
					288E07651EB9659C0065CA39 = {
						CreatedOnToolsVersion = 8.2.1;
						ProvisioningStyle = Automatic;
					};
				};
			};
			buildConfigurationList = 288E07611EB9659C0065CA39 /* Build configuration list for PBXProject "LLDiscountCoupon" */;
			compatibilityVersion = "Xcode 3.2";
			developmentRegion = English;
			hasScannedForEncodings = 0;
			knownRegions = (
				en,
				Base,
			);
			mainGroup = 288E075D1EB9659C0065CA39;
			productRefGroup = 288E07671EB9659C0065CA39 /* Products */;
			projectDirPath = "";
			projectRoot = "";
			targets = (
				288E07651EB9659C0065CA39 /* LLDiscountCoupon */,
			);
		};
/* End PBXProject section */

/* Begin PBXResourcesBuildPhase section */
		288E07641EB9659C0065CA39 /* Resources */ = {
			isa = PBXResourcesBuildPhase;
			buildActionMask = 2147483647;
			files = (
				288E07791EB9659C0065CA39 /* LaunchScreen.storyboard in Resources */,
				288E07761EB9659C0065CA39 /* Assets.xcassets in Resources */,
				288E07741EB9659C0065CA39 /* Main.storyboard in Resources */,
			);
			runOnlyForDeploymentPostprocessing = 0;
		};
/* End PBXResourcesBuildPhase section */

/* Begin PBXSourcesBuildPhase section */
		288E07621EB9659C0065CA39 /* Sources */ = {
			isa = PBXSourcesBuildPhase;
			buildActionMask = 2147483647;
			files = (
				288E07711EB9659C0065CA39 /* ViewController.m in Sources */,
				288E076E1EB9659C0065CA39 /* AppDelegate.m in Sources */,
				288E076B1EB9659C0065CA39 /* main.m in Sources */,
			);
			runOnlyForDeploymentPostprocessing = 0;
		};
/* End PBXSourcesBuildPhase section */

/* Begin PBXVariantGroup section */
		288E07721EB9659C0065CA39 /* Main.storyboard */ = {
			isa = PBXVariantGroup;
			children = (
				288E07731EB9659C0065CA39 /* Base */,
			);
			name = Main.storyboard;
			sourceTree = "<group>";
		};
		288E07771EB9659C0065CA39 /* LaunchScreen.storyboard */ = {
			isa = PBXVariantGroup;
			children = (
				288E07781EB9659C0065CA39 /* Base */,
			);
			name = LaunchScreen.storyboard;
			sourceTree = "<group>";
		};
/* End PBXVariantGroup section */

/* Begin XCBuildConfiguration section */
		288E077B1EB9659C0065CA39 /* Debug */ = {
			isa = XCBuildConfiguration;
			buildSettings = {
				ALWAYS_SEARCH_USER_PATHS = NO;
				CLANG_ANALYZER_NONNULL = YES;
				CLANG_CXX_LANGUAGE_STANDARD = "gnu++0x";
				CLANG_CXX_LIBRARY = "libc++";
				CLANG_ENABLE_MODULES = YES;
				CLANG_ENABLE_OBJC_ARC = YES;
				CLANG_WARN_BOOL_CONVERSION = YES;
				CLANG_WARN_CONSTANT_CONVERSION = YES;
				CLANG_WARN_DIRECT_OBJC_ISA_USAGE = YES_ERROR;
				CLANG_WARN_DOCUMENTATION_COMMENTS = YES;
				CLANG_WARN_EMPTY_BODY = YES;
				CLANG_WARN_ENUM_CONVERSION = YES;
				CLANG_WARN_INFINITE_RECURSION = YES;
				CLANG_WARN_INT_CONVERSION = YES;
				CLANG_WARN_OBJC_ROOT_CLASS = YES_ERROR;
				CLANG_WARN_SUSPICIOUS_MOVE = YES;
				CLANG_WARN_UNREACHABLE_CODE = YES;
				CLANG_WARN__DUPLICATE_METHOD_MATCH = YES;
				"CODE_SIGN_IDENTITY[sdk=iphoneos*]" = "iPhone Developer";
				COPY_PHASE_STRIP = NO;
				DEBUG_INFORMATION_FORMAT = dwarf;
				ENABLE_STRICT_OBJC_MSGSEND = YES;
				ENABLE_TESTABILITY = YES;
				GCC_C_LANGUAGE_STANDARD = gnu99;
				GCC_DYNAMIC_NO_PIC = NO;
				GCC_NO_COMMON_BLOCKS = YES;
				GCC_OPTIMIZATION_LEVEL = 0;
				GCC_PREPROCESSOR_DEFINITIONS = (
					"DEBUG=1",
					"$(inherited)",
				);
				GCC_WARN_64_TO_32_BIT_CONVERSION = YES;
				GCC_WARN_ABOUT_RETURN_TYPE = YES_ERROR;
				GCC_WARN_UNDECLARED_SELECTOR = YES;
				GCC_WARN_UNINITIALIZED_AUTOS = YES_AGGRESSIVE;
				GCC_WARN_UNUSED_FUNCTION = YES;
				GCC_WARN_UNUSED_VARIABLE = YES;
				IPHONEOS_DEPLOYMENT_TARGET = 10.2;
				MTL_ENABLE_DEBUG_INFO = YES;
				ONLY_ACTIVE_ARCH = YES;
				SDKROOT = iphoneos;
				TARGETED_DEVICE_FAMILY = "1,2";
			};
			name = Debug;
		};
		288E077C1EB9659C0065CA39 /* Release */ = {
			isa = XCBuildConfiguration;
			buildSettings = {
				ALWAYS_SEARCH_USER_PATHS = NO;
				CLANG_ANALYZER_NONNULL = YES;
				CLANG_CXX_LANGUAGE_STANDARD = "gnu++0x";
				CLANG_CXX_LIBRARY = "libc++";
				CLANG_ENABLE_MODULES = YES;
				CLANG_ENABLE_OBJC_ARC = YES;
				CLANG_WARN_BOOL_CONVERSION = YES;
				CLANG_WARN_CONSTANT_CONVERSION = YES;
				CLANG_WARN_DIRECT_OBJC_ISA_USAGE = YES_ERROR;
				CLANG_WARN_DOCUMENTATION_COMMENTS = YES;
				CLANG_WARN_EMPTY_BODY = YES;
				CLANG_WARN_ENUM_CONVERSION = YES;
				CLANG_WARN_INFINITE_RECURSION = YES;
				CLANG_WARN_INT_CONVERSION = YES;
				CLANG_WARN_OBJC_ROOT_CLASS = YES_ERROR;
				CLANG_WARN_SUSPICIOUS_MOVE = YES;
				CLANG_WARN_UNREACHABLE_CODE = YES;
				CLANG_WARN__DUPLICATE_METHOD_MATCH = YES;
				"CODE_SIGN_IDENTITY[sdk=iphoneos*]" = "iPhone Developer";
				COPY_PHASE_STRIP = NO;
				DEBUG_INFORMATION_FORMAT = "dwarf-with-dsym";
				ENABLE_NS_ASSERTIONS = NO;
				ENABLE_STRICT_OBJC_MSGSEND = YES;
				GCC_C_LANGUAGE_STANDARD = gnu99;
				GCC_NO_COMMON_BLOCKS = YES;
				GCC_WARN_64_TO_32_BIT_CONVERSION = YES;
				GCC_WARN_ABOUT_RETURN_TYPE = YES_ERROR;
				GCC_WARN_UNDECLARED_SELECTOR = YES;
				GCC_WARN_UNINITIALIZED_AUTOS = YES_AGGRESSIVE;
				GCC_WARN_UNUSED_FUNCTION = YES;
				GCC_WARN_UNUSED_VARIABLE = YES;
				IPHONEOS_DEPLOYMENT_TARGET = 10.2;
				MTL_ENABLE_DEBUG_INFO = NO;
				SDKROOT = iphoneos;
				TARGETED_DEVICE_FAMILY = "1,2";
				VALIDATE_PRODUCT = YES;
			};
			name = Release;
		};
		288E077E1EB9659C0065CA39 /* Debug */ = {
			isa = XCBuildConfiguration;
			buildSettings = {
				ASSETCATALOG_COMPILER_APPICON_NAME = AppIcon;
				INFOPLIST_FILE = LLDiscountCoupon/Info.plist;
				LD_RUNPATH_SEARCH_PATHS = "$(inherited) @executable_path/Frameworks";
				PRODUCT_BUNDLE_IDENTIFIER = kauri.com.cn.LLDiscountCoupon;
				PRODUCT_NAME = "$(TARGET_NAME)";
			};
			name = Debug;
		};
		288E077F1EB9659C0065CA39 /* Release */ = {
			isa = XCBuildConfiguration;
			buildSettings = {
				ASSETCATALOG_COMPILER_APPICON_NAME = AppIcon;
				INFOPLIST_FILE = LLDiscountCoupon/Info.plist;
				LD_RUNPATH_SEARCH_PATHS = "$(inherited) @executable_path/Frameworks";
				PRODUCT_BUNDLE_IDENTIFIER = kauri.com.cn.LLDiscountCoupon;
				PRODUCT_NAME = "$(TARGET_NAME)";
			};
			name = Release;
		};
/* End XCBuildConfiguration section */

/* Begin XCConfigurationList section */
		288E07611EB9659C0065CA39 /* Build configuration list for PBXProject "LLDiscountCoupon" */ = {
			isa = XCConfigurationList;
			buildConfigurations = (
				288E077B1EB9659C0065CA39 /* Debug */,
				288E077C1EB9659C0065CA39 /* Release */,
			);
			defaultConfigurationIsVisible = 0;
			defaultConfigurationName = Release;
		};
		288E077D1EB9659C0065CA39 /* Build configuration list for PBXNativeTarget "LLDiscountCoupon" */ = {
			isa = XCConfigurationList;
			buildConfigurations = (
				288E077E1EB9659C0065CA39 /* Debug */,
				288E077F1EB9659C0065CA39 /* Release */,
			);
			defaultConfigurationIsVisible = 0;
		};
/* End XCConfigurationList section */
	};
	rootObject = 288E075E1EB9659C0065CA39 /* Project object */;
}
